
Microsoft Visual Studio Solution File, Format Version 12.00
# Visual Studio Version 16
VisualStudioVersion = 16.0.30204.135
MinimumVisualStudioVersion = 10.0.40219.1
Project("{FAE04EC0-301F-11D3-BF4B-00C04F79EFBC}") = "SerialLogCore", "SerialLogCore\SerialLogCore.csproj", "{9222F61F-38B4-4FE2-9EBC-403ADF3EA75D}"
EndProject
Global
	GlobalSection(SolutionConfigurationPlatforms) = preSolution
		Debug|Any CPU = Debug|Any CPU
		Release|Any CPU = Release|Any CPU
	EndGlobalSection
	GlobalSection(ProjectConfigurationPlatforms) = postSolution
		{9222F61F-38B4-4FE2-9EBC-403ADF3EA75D}.Debug|Any CPU.ActiveCfg = Debug|Any CPU
		{9222F61F-38B4-4FE2-9EBC-403ADF3EA75D}.Debug|Any CPU.Build.0 = Debug|Any CPU
		{9222F61F-38B4-4FE2-9EBC-403ADF3EA75D}.Release|Any CPU.ActiveCfg = Release|Any CPU
		{9222F61F-38B4-4FE2-9EBC-403ADF3EA75D}.Release|Any CPU.Build.0 = Release|Any CPU
	EndGlobalSection
	GlobalSection(SolutionProperties) = preSolution
		HideSolutionNode = FALSE
	EndGlobalSection
	GlobalSection(ExtensibilityGlobals) = postSolution
		SolutionGuid = {52742B39-700F-44F4-90DA-A21892C08333}
	EndGlobalSection
EndGlobal
